
Microsoft Visual Studio Solution File, Format Version 12.00
# Visual Studio Version 17
VisualStudioVersion = 17.9.34607.119
MinimumVisualStudioVersion = 10.0.40219.1
Project("{9A19103F-16F7-4668-BE54-9A1E7A4F7556}") = "auth-service", "auth-service\auth-service.csproj", "{CE0AEFDC-6828-4BD1-B974-7E77581A9B9B}"
EndProject
Project("{E53339B2-1760-4266-BCC7-CA923CBCF16C}") = "docker-compose", "docker-compose.dcproj", "{8280396E-4DBD-41C8-B1BA-ECDDDCCF106F}"
EndProject
Global
	GlobalSection(SolutionConfigurationPlatforms) = preSolution
		Debug|Any CPU = Debug|Any CPU
		Release|Any CPU = Release|Any CPU
	EndGlobalSection
	GlobalSection(ProjectConfigurationPlatforms) = postSolution
		{CE0AEFDC-6828-4BD1-B974-7E77581A9B9B}.Debug|Any CPU.ActiveCfg = Debug|Any CPU
		{CE0AEFDC-6828-4BD1-B974-7E77581A9B9B}.Debug|Any CPU.Build.0 = Debug|Any CPU
		{CE0AEFDC-6828-4BD1-B974-7E77581A9B9B}.Release|Any CPU.ActiveCfg = Release|Any CPU
		{CE0AEFDC-6828-4BD1-B974-7E77581A9B9B}.Release|Any CPU.Build.0 = Release|Any CPU
		{8280396E-4DBD-41C8-B1BA-ECDDDCCF106F}.Debug|Any CPU.ActiveCfg = Debug|Any CPU
		{8280396E-4DBD-41C8-B1BA-ECDDDCCF106F}.Debug|Any CPU.Build.0 = Debug|Any CPU
		{8280396E-4DBD-41C8-B1BA-ECDDDCCF106F}.Release|Any CPU.ActiveCfg = Release|Any CPU
		{8280396E-4DBD-41C8-B1BA-ECDDDCCF106F}.Release|Any CPU.Build.0 = Release|Any CPU
	EndGlobalSection
	GlobalSection(SolutionProperties) = preSolution
		HideSolutionNode = FALSE
	EndGlobalSection
	GlobalSection(ExtensibilityGlobals) = postSolution
		SolutionGuid = {5261AF4A-8365-4F8F-9D7B-933C9A109E4B}
	EndGlobalSection
EndGlobal
